// !$*UTF8*$!
{
	archiveVersion = 1;
	classes = {
	};
	objectVersion = 50;
	objects = {

/* Begin PBXBuildFile section */
		254ED20424B2F29600B13ABE /* AppDelegate.swift in Sources */ = {isa = PBXBuildFile; fileRef = 254ED20324B2F29600B13ABE /* AppDelegate.swift */; };
		254ED20624B2F29600B13ABE /* SceneDelegate.swift in Sources */ = {isa = PBXBuildFile; fileRef = 254ED20524B2F29600B13ABE /* SceneDelegate.swift */; };
		254ED20824B2F29600B13ABE /* ContentView.swift in Sources */ = {isa = PBXBuildFile; fileRef = 254ED20724B2F29600B13ABE /* ContentView.swift */; };
		254ED20A24B2F29700B13ABE /* Assets.xcassets in Resources */ = {isa = PBXBuildFile; fileRef = 254ED20924B2F29700B13ABE /* Assets.xcassets */; };
		254ED20D24B2F29700B13ABE /* Preview Assets.xcassets in Resources */ = {isa = PBXBuildFile; fileRef = 254ED20C24B2F29700B13ABE /* Preview Assets.xcassets */; };
		254ED21024B2F29700B13ABE /* LaunchScreen.storyboard in Resources */ = {isa = PBXBuildFile; fileRef = 254ED20E24B2F29700B13ABE /* LaunchScreen.storyboard */; };
		254ED21824B2FE7300B13ABE /* CardImageView.swift in Sources */ = {isa = PBXBuildFile; fileRef = 254ED21724B2FE7300B13ABE /* CardImageView.swift */; };
		25BCDC3424B3026E00C9C0A4 /* ScoreView.swift in Sources */ = {isa = PBXBuildFile; fileRef = 25BCDC3324B3026E00C9C0A4 /* ScoreView.swift */; };
/* End PBXBuildFile section */

/* Begin PBXFileReference section */
		254ED20024B2F29600B13ABE /* SwiftUIWarCardGame.app */ = {isa = PBXFileReference; explicitFileType = wrapper.application; includeInIndex = 0; path = SwiftUIWarCardGame.app; sourceTree = BUILT_PRODUCTS_DIR; };
		254ED20324B2F29600B13ABE /* AppDelegate.swift */ = {isa = PBXFileReference; lastKnownFileType = sourcecode.swift; path = AppDelegate.swift; sourceTree = "<group>"; };
		254ED20524B2F29600B13ABE /* SceneDelegate.swift */ = {isa = PBXFileReference; lastKnownFileType = sourcecode.swift; path = SceneDelegate.swift; sourceTree = "<group>"; };
		254ED20724B2F29600B13ABE /* ContentView.swift */ = {isa = PBXFileReference; lastKnownFileType = sourcecode.swift; path = ContentView.swift; sourceTree = "<group>"; };
		254ED20924B2F29700B13ABE /* Assets.xcassets */ = {isa = PBXFileReference; lastKnownFileType = folder.assetcatalog; path = Assets.xcassets; sourceTree = "<group>"; };
		254ED20C24B2F29700B13ABE /* Preview Assets.xcassets */ = {isa = PBXFileReference; lastKnownFileType = folder.assetcatalog; path = "Preview Assets.xcassets"; sourceTree = "<group>"; };
		254ED20F24B2F29700B13ABE /* Base */ = {isa = PBXFileReference; lastKnownFileType = file.storyboard; name = Base; path = Base.lproj/LaunchScreen.storyboard; sourceTree = "<group>"; };
		254ED21124B2F29700B13ABE /* Info.plist */ = {isa = PBXFileReference; lastKnownFileType = text.plist.xml; path = Info.plist; sourceTree = "<group>"; };
		254ED21724B2FE7300B13ABE /* CardImageView.swift */ = {isa = PBXFileReference; lastKnownFileType = sourcecode.swift; path = CardImageView.swift; sourceTree = "<group>"; };
		25BCDC3324B3026E00C9C0A4 /* ScoreView.swift */ = {isa = PBXFileReference; lastKnownFileType = sourcecode.swift; path = ScoreView.swift; sourceTree = "<group>"; };
/* End PBXFileReference section */

/* Begin PBXFrameworksBuildPhase section */
		254ED1FD24B2F29600B13ABE /* Frameworks */ = {
			isa = PBXFrameworksBuildPhase;
			buildActionMask = 2147483647;
			files = (
			);
			runOnlyForDeploymentPostprocessing = 0;
		};
/* End PBXFrameworksBuildPhase section */

/* Begin PBXGroup section */
		254ED1F724B2F29600B13ABE = {
			isa = PBXGroup;
			children = (
				254ED20224B2F29600B13ABE /* SwiftUIWarCardGame */,
				254ED20124B2F29600B13ABE /* Products */,
			);
			sourceTree = "<group>";
		};
		254ED20124B2F29600B13ABE /* Products */ = {
			isa = PBXGroup;
			children = (
				254ED20024B2F29600B13ABE /* SwiftUIWarCardGame.app */,
			);
			name = Products;
			sourceTree = "<group>";
		};
		254ED20224B2F29600B13ABE /* SwiftUIWarCardGame */ = {
			isa = PBXGroup;
			children = (
				254ED20324B2F29600B13ABE /* AppDelegate.swift */,
				254ED20524B2F29600B13ABE /* SceneDelegate.swift */,
				254ED21924B2FF6A00B13ABE /* Views */,
				254ED20924B2F29700B13ABE /* Assets.xcassets */,
				254ED20E24B2F29700B13ABE /* LaunchScreen.storyboard */,
				254ED21124B2F29700B13ABE /* Info.plist */,
				254ED20B24B2F29700B13ABE /* Preview Content */,
			);
			path = SwiftUIWarCardGame;
			sourceTree = "<group>";
		};
		254ED20B24B2F29700B13ABE /* Preview Content */ = {
			isa = PBXGroup;
			children = (
				254ED20C24B2F29700B13ABE /* Preview Assets.xcassets */,
			);
			path = "Preview Content";
			sourceTree = "<group>";
		};
		254ED21924B2FF6A00B13ABE /* Views */ = {
			isa = PBXGroup;
			children = (
				254ED20724B2F29600B13ABE /* ContentView.swift */,
				254ED21724B2FE7300B13ABE /* CardImageView.swift */,
				25BCDC3324B3026E00C9C0A4 /* ScoreView.swift */,
			);
			path = Views;
			sourceTree = "<group>";
		};
/* End PBXGroup section */

/* Begin PBXNativeTarget section */
		254ED1FF24B2F29600B13ABE /* SwiftUIWarCardGame */ = {
			isa = PBXNativeTarget;
			buildConfigurationList = 254ED21424B2F29700B13ABE /* Build configuration list for PBXNativeTarget "SwiftUIWarCardGame" */;
			buildPhases = (
				254ED1FC24B2F29600B13ABE /* Sources */,
				254ED1FD24B2F29600B13ABE /* Frameworks */,
				254ED1FE24B2F29600B13ABE /* Resources */,
			);
			buildRules = (
			);
			dependencies = (
			);
			name = SwiftUIWarCardGame;
			productName = SwiftUIWarCardGame;
			productReference = 254ED20024B2F29600B13ABE /* SwiftUIWarCardGame.app */;
			productType = "com.apple.product-type.application";
		};
/* End PBXNativeTarget section */

/* Begin PBXProject section */
		254ED1F824B2F29600B13ABE /* Project object */ = {
			isa = PBXProject;
			attributes = {
				LastSwiftUpdateCheck = 1150;
				LastUpgradeCheck = 1150;
				ORGANIZATIONNAME = JSworkstation;
				TargetAttributes = {
					254ED1FF24B2F29600B13ABE = {
						CreatedOnToolsVersion = 11.5;
					};
				};
			};
			buildConfigurationList = 254ED1FB24B2F29600B13ABE /* Build configuration list for PBXProject "SwiftUIWarCardGame" */;
			compatibilityVersion = "Xcode 9.3";
			developmentRegion = en;
			hasScannedForEncodings = 0;
			knownRegions = (
				en,
				Base,
			);
			mainGroup = 254ED1F724B2F29600B13ABE;
			productRefGroup = 254ED20124B2F29600B13ABE /* Products */;
			projectDirPath = "";
			projectRoot = "";
			targets = (
				254ED1FF24B2F29600B13ABE /* SwiftUIWarCardGame */,
			);
		};
/* End PBXProject section */

/* Begin PBXResourcesBuildPhase section */
		254ED1FE24B2F29600B13ABE /* Resources */ = {
			isa = PBXResourcesBuildPhase;
			buildActionMask = 2147483647;
			files = (
				254ED21024B2F29700B13ABE /* LaunchScreen.storyboard in Resources */,
				254ED20D24B2F29700B13ABE /* Preview Assets.xcassets in Resources */,
				254ED20A24B2F29700B13ABE /* Assets.xcassets in Resources */,
			);
			runOnlyForDeploymentPostprocessing = 0;
		};
/* End PBXResourcesBuildPhase section */

/* Begin PBXSourcesBuildPhase section */
		254ED1FC24B2F29600B13ABE /* Sources */ = {
			isa = PBXSourcesBuildPhase;
			buildActionMask = 2147483647;
			files = (
				254ED20424B2F29600B13ABE /* AppDelegate.swift in Sources */,
				254ED20624B2F29600B13ABE /* SceneDelegate.swift in Sources */,
				254ED21824B2FE7300B13ABE /* CardImageView.swift in Sources */,
				254ED20824B2F29600B13ABE /* ContentView.swift in Sources */,
				25BCDC3424B3026E00C9C0A4 /* ScoreView.swift in Sources */,
			);
			runOnlyForDeploymentPostprocessing = 0;
		};
/* End PBXSourcesBuildPhase section */

/* Begin PBXVariantGroup section */
		254ED20E24B2F29700B13ABE /* LaunchScreen.storyboard */ = {
			isa = PBXVariantGroup;
			children = (
				254ED20F24B2F29700B13ABE /* Base */,
			);
			name = LaunchScreen.storyboard;
			sourceTree = "<group>";
		};
/* End PBXVariantGroup section */

/* Begin XCBuildConfiguration section */
		254ED21224B2F29700B13ABE /* Debug */ = {
			isa = XCBuildConfiguration;
			buildSettings = {
				ALWAYS_SEARCH_USER_PATHS = NO;
				CLANG_ANALYZER_NONNULL = YES;
				CLANG_ANALYZER_NUMBER_OBJECT_CONVERSION = YES_AGGRESSIVE;
				CLANG_CXX_LANGUAGE_STANDARD = "gnu++14";
				CLANG_CXX_LIBRARY = "libc++";
				CLANG_ENABLE_MODULES = YES;
				CLANG_ENABLE_OBJC_ARC = YES;
				CLANG_ENABLE_OBJC_WEAK = YES;
				CLANG_WARN_BLOCK_CAPTURE_AUTORELEASING = YES;
				CLANG_WARN_BOOL_CONVERSION = YES;
				CLANG_WARN_COMMA = YES;
				CLANG_WARN_CONSTANT_CONVERSION = YES;
				CLANG_WARN_DEPRECATED_OBJC_IMPLEMENTATIONS = YES;
				CLANG_WARN_DIRECT_OBJC_ISA_USAGE = YES_ERROR;
				CLANG_WARN_DOCUMENTATION_COMMENTS = YES;
				CLANG_WARN_EMPTY_BODY = YES;
				CLANG_WARN_ENUM_CONVERSION = YES;
				CLANG_WARN_INFINITE_RECURSION = YES;
				CLANG_WARN_INT_CONVERSION = YES;
				CLANG_WARN_NON_LITERAL_NULL_CONVERSION = YES;
				CLANG_WARN_OBJC_IMPLICIT_RETAIN_SELF = YES;
				CLANG_WARN_OBJC_LITERAL_CONVERSION = YES;
				CLANG_WARN_OBJC_ROOT_CLASS = YES_ERROR;
				CLANG_WARN_RANGE_LOOP_ANALYSIS = YES;
				CLANG_WARN_STRICT_PROTOTYPES = YES;
				CLANG_WARN_SUSPICIOUS_MOVE = YES;
				CLANG_WARN_UNGUARDED_AVAILABILITY = YES_AGGRESSIVE;
				CLANG_WARN_UNREACHABLE_CODE = YES;
				CLANG_WARN__DUPLICATE_METHOD_MATCH = YES;
				COPY_PHASE_STRIP = NO;
				DEBUG_INFORMATION_FORMAT = dwarf;
				ENABLE_STRICT_OBJC_MSGSEND = YES;
				ENABLE_TESTABILITY = YES;
				GCC_C_LANGUAGE_STANDARD = gnu11;
				GCC_DYNAMIC_NO_PIC = NO;
				GCC_NO_COMMON_BLOCKS = YES;
				GCC_OPTIMIZATION_LEVEL = 0;
				GCC_PREPROCESSOR_DEFINITIONS = (
					"DEBUG=1",
					"$(inherited)",
				);
				GCC_WARN_64_TO_32_BIT_CONVERSION = YES;
				GCC_WARN_ABOUT_RETURN_TYPE = YES_ERROR;
				GCC_WARN_UNDECLARED_SELECTOR = YES;
				GCC_WARN_UNINITIALIZED_AUTOS = YES_AGGRESSIVE;
				GCC_WARN_UNUSED_FUNCTION = YES;
				GCC_WARN_UNUSED_VARIABLE = YES;
				IPHONEOS_DEPLOYMENT_TARGET = 13.5;
				MTL_ENABLE_DEBUG_INFO = INCLUDE_SOURCE;
				MTL_FAST_MATH = YES;
				ONLY_ACTIVE_ARCH = YES;
				SDKROOT = iphoneos;
				SWIFT_ACTIVE_COMPILATION_CONDITIONS = DEBUG;
				SWIFT_OPTIMIZATION_LEVEL = "-Onone";
			};
			name = Debug;
		};
		254ED21324B2F29700B13ABE /* Release */ = {
			isa = XCBuildConfiguration;
			buildSettings = {
				ALWAYS_SEARCH_USER_PATHS = NO;
				CLANG_ANALYZER_NONNULL = YES;
				CLANG_ANALYZER_NUMBER_OBJECT_CONVERSION = YES_AGGRESSIVE;
				CLANG_CXX_LANGUAGE_STANDARD = "gnu++14";
				CLANG_CXX_LIBRARY = "libc++";
				CLANG_ENABLE_MODULES = YES;
				CLANG_ENABLE_OBJC_ARC = YES;
				CLANG_ENABLE_OBJC_WEAK = YES;
				CLANG_WARN_BLOCK_CAPTURE_AUTORELEASING = YES;
				CLANG_WARN_BOOL_CONVERSION = YES;
				CLANG_WARN_COMMA = YES;
				CLANG_WARN_CONSTANT_CONVERSION = YES;
				CLANG_WARN_DEPRECATED_OBJC_IMPLEMENTATIONS = YES;
				CLANG_WARN_DIRECT_OBJC_ISA_USAGE = YES_ERROR;
				CLANG_WARN_DOCUMENTATION_COMMENTS = YES;
				CLANG_WARN_EMPTY_BODY = YES;
				CLANG_WARN_ENUM_CONVERSION = YES;
				CLANG_WARN_INFINITE_RECURSION = YES;
				CLANG_WARN_INT_CONVERSION = YES;
				CLANG_WARN_NON_LITERAL_NULL_CONVERSION = YES;
				CLANG_WARN_OBJC_IMPLICIT_RETAIN_SELF = YES;
				CLANG_WARN_OBJC_LITERAL_CONVERSION = YES;
				CLANG_WARN_OBJC_ROOT_CLASS = YES_ERROR;
				CLANG_WARN_RANGE_LOOP_ANALYSIS = YES;
				CLANG_WARN_STRICT_PROTOTYPES = YES;
				CLANG_WARN_SUSPICIOUS_MOVE = YES;
				CLANG_WARN_UNGUARDED_AVAILABILITY = YES_AGGRESSIVE;
				CLANG_WARN_UNREACHABLE_CODE = YES;
				CLANG_WARN__DUPLICATE_METHOD_MATCH = YES;
				COPY_PHASE_STRIP = NO;
				DEBUG_INFORMATION_FORMAT = "dwarf-with-dsym";
				ENABLE_NS_ASSERTIONS = NO;
				ENABLE_STRICT_OBJC_MSGSEND = YES;
				GCC_C_LANGUAGE_STANDARD = gnu11;
				GCC_NO_COMMON_BLOCKS = YES;
				GCC_WARN_64_TO_32_BIT_CONVERSION = YES;
				GCC_WARN_ABOUT_RETURN_TYPE = YES_ERROR;
				GCC_WARN_UNDECLARED_SELECTOR = YES;
				GCC_WARN_UNINITIALIZED_AUTOS = YES_AGGRESSIVE;
				GCC_WARN_UNUSED_FUNCTION = YES;
				GCC_WARN_UNUSED_VARIABLE = YES;
				IPHONEOS_DEPLOYMENT_TARGET = 13.5;
				MTL_ENABLE_DEBUG_INFO = NO;
				MTL_FAST_MATH = YES;
				SDKROOT = iphoneos;
				SWIFT_COMPILATION_MODE = wholemodule;
				SWIFT_OPTIMIZATION_LEVEL = "-O";
				VALIDATE_PRODUCT = YES;
			};
			name = Release;
		};
		254ED21524B2F29700B13ABE /* Debug */ = {
			isa = XCBuildConfiguration;
			buildSettings = {
				ASSETCATALOG_COMPILER_APPICON_NAME = AppIcon;
				CODE_SIGN_STYLE = Automatic;
				DEVELOPMENT_ASSET_PATHS = "\"SwiftUIWarCardGame/Preview Content\"";
				DEVELOPMENT_TEAM = 8GRZK4QG9U;
				ENABLE_PREVIEWS = YES;
				INFOPLIST_FILE = SwiftUIWarCardGame/Info.plist;
				LD_RUNPATH_SEARCH_PATHS = (
					"$(inherited)",
					"@executable_path/Frameworks",
				);
				PRODUCT_BUNDLE_IDENTIFIER = com.flushjs.SwiftUIWarCardGame;
				PRODUCT_NAME = "$(TARGET_NAME)";
				SWIFT_VERSION = 5.0;
				TARGETED_DEVICE_FAMILY = "1,2";
			};
			name = Debug;
		};
		254ED21624B2F29700B13ABE /* Release */ = {
			isa = XCBuildConfiguration;
			buildSettings = {
				ASSETCATALOG_COMPILER_APPICON_NAME = AppIcon;
				CODE_SIGN_STYLE = Automatic;
				DEVELOPMENT_ASSET_PATHS = "\"SwiftUIWarCardGame/Preview Content\"";
				DEVELOPMENT_TEAM = 8GRZK4QG9U;
				ENABLE_PREVIEWS = YES;
				INFOPLIST_FILE = SwiftUIWarCardGame/Info.plist;
				LD_RUNPATH_SEARCH_PATHS = (
					"$(inherited)",
					"@executable_path/Frameworks",
				);
				PRODUCT_BUNDLE_IDENTIFIER = com.flushjs.SwiftUIWarCardGame;
				PRODUCT_NAME = "$(TARGET_NAME)";
				SWIFT_VERSION = 5.0;
				TARGETED_DEVICE_FAMILY = "1,2";
			};
			name = Release;
		};
/* End XCBuildConfiguration section */

/* Begin XCConfigurationList section */
		254ED1FB24B2F29600B13ABE /* Build configuration list for PBXProject "SwiftUIWarCardGame" */ = {
			isa = XCConfigurationList;
			buildConfigurations = (
				254ED21224B2F29700B13ABE /* Debug */,
				254ED21324B2F29700B13ABE /* Release */,
			);
			defaultConfigurationIsVisible = 0;
			defaultConfigurationName = Release;
		};
		254ED21424B2F29700B13ABE /* Build configuration list for PBXNativeTarget "SwiftUIWarCardGame" */ = {
			isa = XCConfigurationList;
			buildConfigurations = (
				254ED21524B2F29700B13ABE /* Debug */,
				254ED21624B2F29700B13ABE /* Release */,
			);
			defaultConfigurationIsVisible = 0;
			defaultConfigurationName = Release;
		};
/* End XCConfigurationList section */
	};
	rootObject = 254ED1F824B2F29600B13ABE /* Project object */;
}
